
Microsoft Visual Studio Solution File, Format Version 12.00
# Visual Studio Version 16
VisualStudioVersion = 16.0.32630.194
MinimumVisualStudioVersion = 10.0.40219.1
Project("{FAE04EC0-301F-11D3-BF4B-00C04F79EFBC}") = "SalesWebMvc", "SalesWebMvc\SalesWebMvc.csproj", "{BA89AE3B-FF74-47F8-A46F-FFBA95361A9B}"
EndProject
Global
	GlobalSection(SolutionConfigurationPlatforms) = preSolution
		Debug|Any CPU = Debug|Any CPU
		Release|Any CPU = Release|Any CPU
	EndGlobalSection
	GlobalSection(ProjectConfigurationPlatforms) = postSolution
		{BA89AE3B-FF74-47F8-A46F-FFBA95361A9B}.Debug|Any CPU.ActiveCfg = Debug|Any CPU
		{BA89AE3B-FF74-47F8-A46F-FFBA95361A9B}.Debug|Any CPU.Build.0 = Debug|Any CPU
		{BA89AE3B-FF74-47F8-A46F-FFBA95361A9B}.Release|Any CPU.ActiveCfg = Release|Any CPU
		{BA89AE3B-FF74-47F8-A46F-FFBA95361A9B}.Release|Any CPU.Build.0 = Release|Any CPU
	EndGlobalSection
	GlobalSection(SolutionProperties) = preSolution
		HideSolutionNode = FALSE
	EndGlobalSection
	GlobalSection(ExtensibilityGlobals) = postSolution
		SolutionGuid = {3FE267AA-67B8-402C-9514-475A43554C4B}
	EndGlobalSection
EndGlobal
